# THIS IS AN AUTOGENERATED FILE. DO NOT EDIT THIS FILE DIRECTLY.
# yarn lockfile v1


"@vant/weapp@^1.4.3":
  version "1.4.3"
  resolved "https://registry.yarnpkg.com/@vant/weapp/-/weapp-1.4.3.tgz#e64df0367f2936e4c124dc3e477b6a66d747ffe6"
  integrity sha512-5w3Buwj2+eT7h9+M0jV1XymmSAPRfw2ACg2bzwwvA/OWGF73Mb5tbE9eHTmFxNybAKnuHO3e8BLjcoI1BFS31g==
