# THIS IS AN AUTOGENERATED FILE. DO NOT EDIT THIS FILE DIRECTLY.
# yarn lockfile v1


"@vant/weapp@^1.4.4":
  version "1.4.4"
  resolved "https://registry.yarnpkg.com/@vant/weapp/-/weapp-1.4.4.tgz#c1da04faabef40cd0fbe6f5164d4a8270d4561b3"
  integrity sha512-dWwo5y6GZc4XhHfQtgtbA9HFoo9kXJp3whxcNXNfrKnEc+lf1JE/8Tyw/DN7XlgSO5IUeKjg0ak+uFdMG0U3kQ==
