# THIS IS AN AUTOGENERATED FILE. DO NOT EDIT THIS FILE DIRECTLY.
# yarn lockfile v1


"@vant/weapp@^1.4.2":
  version "1.4.2"
  resolved "https://registry.yarnpkg.com/@vant/weapp/-/weapp-1.4.2.tgz#f4e87cf292d7cedd5d0a7813e04259232a706e70"
  integrity sha512-UKsSS2Izl+PPZFMMXL9DZdw6J3FCHDvh0T2uPvZqnQHUA8enA1K++/AaWetYuaIBxuymofY9f3C3XSVdRnO8Ww==
